
Microsoft Visual Studio Solution File, Format Version 12.00
# Visual Studio 15
VisualStudioVersion = 15.0.26730.0
MinimumVisualStudioVersion = 10.0.40219.1
Project("{888888A0-9F3D-457C-B088-3A5042F75D52}") = "animal_shougi", "animal_shougi\animal_shougi.pyproj", "{E6B8BAF7-D88A-425D-B944-461239F880CF}"
EndProject
Global
	GlobalSection(SolutionConfigurationPlatforms) = preSolution
		Debug|Any CPU = Debug|Any CPU
		Release|Any CPU = Release|Any CPU
	EndGlobalSection
	GlobalSection(ProjectConfigurationPlatforms) = postSolution
		{E6B8BAF7-D88A-425D-B944-461239F880CF}.Debug|Any CPU.ActiveCfg = Debug|Any CPU
		{E6B8BAF7-D88A-425D-B944-461239F880CF}.Release|Any CPU.ActiveCfg = Release|Any CPU
	EndGlobalSection
	GlobalSection(SolutionProperties) = preSolution
		HideSolutionNode = FALSE
	EndGlobalSection
	GlobalSection(ExtensibilityGlobals) = postSolution
		SolutionGuid = {1BC4E7BA-4DA4-439B-AB8F-6E53490017F0}
	EndGlobalSection
EndGlobal
